
Microsoft Visual Studio Solution File, Format Version 12.00
# Visual Studio Version 17
VisualStudioVersion = 17.6.33723.286
MinimumVisualStudioVersion = 10.0.40219.1
Project("{9A19103F-16F7-4668-BE54-9A1E7A4F7556}") = "Notes", "Notes\Notes.csproj", "{2B83CA5B-67FC-4711-A77B-41CFC9138FB1}"
EndProject
Project("{9A19103F-16F7-4668-BE54-9A1E7A4F7556}") = "TestNoteProject", "TestNoteProject\TestNoteProject.csproj", "{9295EDC1-6014-4377-877D-45834D5332C1}"
EndProject
Global
	GlobalSection(SolutionConfigurationPlatforms) = preSolution
		Debug|Any CPU = Debug|Any CPU
		Release|Any CPU = Release|Any CPU
	EndGlobalSection
	GlobalSection(ProjectConfigurationPlatforms) = postSolution
		{2B83CA5B-67FC-4711-A77B-41CFC9138FB1}.Debug|Any CPU.ActiveCfg = Debug|Any CPU
		{2B83CA5B-67FC-4711-A77B-41CFC9138FB1}.Debug|Any CPU.Build.0 = Debug|Any CPU
		{2B83CA5B-67FC-4711-A77B-41CFC9138FB1}.Release|Any CPU.ActiveCfg = Release|Any CPU
		{2B83CA5B-67FC-4711-A77B-41CFC9138FB1}.Release|Any CPU.Build.0 = Release|Any CPU
		{9295EDC1-6014-4377-877D-45834D5332C1}.Debug|Any CPU.ActiveCfg = Debug|Any CPU
		{9295EDC1-6014-4377-877D-45834D5332C1}.Debug|Any CPU.Build.0 = Debug|Any CPU
		{9295EDC1-6014-4377-877D-45834D5332C1}.Release|Any CPU.ActiveCfg = Release|Any CPU
		{9295EDC1-6014-4377-877D-45834D5332C1}.Release|Any CPU.Build.0 = Release|Any CPU
	EndGlobalSection
	GlobalSection(SolutionProperties) = preSolution
		HideSolutionNode = FALSE
	EndGlobalSection
	GlobalSection(ExtensibilityGlobals) = postSolution
		SolutionGuid = {45B62D5A-CFA4-4D90-B2A2-B144C3328F68}
	EndGlobalSection
EndGlobal
